
Microsoft Visual Studio Solution File, Format Version 12.00
# Visual Studio Version 16
VisualStudioVersion = 16.0.31019.35
MinimumVisualStudioVersion = 10.0.40219.1
Project("{FAE04EC0-301F-11D3-BF4B-00C04F79EFBC}") = "WebPruebaAccesoSQL", "WebPruebaAccesoSQL\WebPruebaAccesoSQL.csproj", "{9F19D909-9166-4C86-8D2E-F758B9539C36}"
EndProject
Global
	GlobalSection(SolutionConfigurationPlatforms) = preSolution
		Debug|Any CPU = Debug|Any CPU
		Release|Any CPU = Release|Any CPU
	EndGlobalSection
	GlobalSection(ProjectConfigurationPlatforms) = postSolution
		{9F19D909-9166-4C86-8D2E-F758B9539C36}.Debug|Any CPU.ActiveCfg = Debug|Any CPU
		{9F19D909-9166-4C86-8D2E-F758B9539C36}.Debug|Any CPU.Build.0 = Debug|Any CPU
		{9F19D909-9166-4C86-8D2E-F758B9539C36}.Release|Any CPU.ActiveCfg = Release|Any CPU
		{9F19D909-9166-4C86-8D2E-F758B9539C36}.Release|Any CPU.Build.0 = Release|Any CPU
	EndGlobalSection
	GlobalSection(SolutionProperties) = preSolution
		HideSolutionNode = FALSE
	EndGlobalSection
	GlobalSection(ExtensibilityGlobals) = postSolution
		SolutionGuid = {38F0D402-5B47-4898-ABFC-EC7FA4167645}
	EndGlobalSection
EndGlobal
